
Microsoft Visual Studio Solution File, Format Version 12.00
# Visual Studio 2013
VisualStudioVersion = 12.0.0.0
MinimumVisualStudioVersion = 10.0.0.1
Project("{FAE04EC0-301F-11D3-BF4B-00C04F79EFBC}") = "CompactSerializer", "CompactSerializer/CompactSerializer.csproj", "{6F9E60D0-32EE-4861-AC5A-D34A14D7B586}"
EndProject
Project("{FAE04EC0-301F-11D3-BF4B-00C04F79EFBC}") = "UnitTests", "UnitTests\UnitTests.csproj", "{0FD0BD4F-4E41-488E-B8B8-BE0CCB5A4190}"
EndProject
Global
	GlobalSection(SolutionConfigurationPlatforms) = preSolution
		Debug|Any CPU = Debug|Any CPU
		Release|Any CPU = Release|Any CPU
	EndGlobalSection
	GlobalSection(ProjectConfigurationPlatforms) = postSolution
		{6F9E60D0-32EE-4861-AC5A-D34A14D7B586}.Debug|Any CPU.ActiveCfg = Debug|Any CPU
		{6F9E60D0-32EE-4861-AC5A-D34A14D7B586}.Debug|Any CPU.Build.0 = Debug|Any CPU
		{6F9E60D0-32EE-4861-AC5A-D34A14D7B586}.Release|Any CPU.ActiveCfg = Release|Any CPU
		{6F9E60D0-32EE-4861-AC5A-D34A14D7B586}.Release|Any CPU.Build.0 = Release|Any CPU
		{0FD0BD4F-4E41-488E-B8B8-BE0CCB5A4190}.Debug|Any CPU.ActiveCfg = Debug|Any CPU
		{0FD0BD4F-4E41-488E-B8B8-BE0CCB5A4190}.Debug|Any CPU.Build.0 = Debug|Any CPU
		{0FD0BD4F-4E41-488E-B8B8-BE0CCB5A4190}.Release|Any CPU.ActiveCfg = Release|Any CPU
		{0FD0BD4F-4E41-488E-B8B8-BE0CCB5A4190}.Release|Any CPU.Build.0 = Release|Any CPU
	EndGlobalSection
	GlobalSection(SolutionProperties) = preSolution
		HideSolutionNode = FALSE
	EndGlobalSection
EndGlobal
